
Microsoft Visual Studio Solution File, Format Version 12.00
# Visual Studio Version 17
VisualStudioVersion = 17.3.32811.315
MinimumVisualStudioVersion = 10.0.40219.1
Project("{9A19103F-16F7-4668-BE54-9A1E7A4F7556}") = "DuAnNhomWinform", "..\DuAnNhomWinform\DuAnNhomWinform.csproj", "{AEF61B2C-0A12-43F7-A768-D78DEBD2BA04}"
EndProject
Global
	GlobalSection(SolutionConfigurationPlatforms) = preSolution
		Debug|Any CPU = Debug|Any CPU
		Release|Any CPU = Release|Any CPU
	EndGlobalSection
	GlobalSection(ProjectConfigurationPlatforms) = postSolution
		{AEF61B2C-0A12-43F7-A768-D78DEBD2BA04}.Debug|Any CPU.ActiveCfg = Debug|Any CPU
		{AEF61B2C-0A12-43F7-A768-D78DEBD2BA04}.Debug|Any CPU.Build.0 = Debug|Any CPU
		{AEF61B2C-0A12-43F7-A768-D78DEBD2BA04}.Release|Any CPU.ActiveCfg = Release|Any CPU
		{AEF61B2C-0A12-43F7-A768-D78DEBD2BA04}.Release|Any CPU.Build.0 = Release|Any CPU
	EndGlobalSection
	GlobalSection(SolutionProperties) = preSolution
		HideSolutionNode = FALSE
	EndGlobalSection
	GlobalSection(ExtensibilityGlobals) = postSolution
		SolutionGuid = {3E279987-80FB-401A-BB92-4F2CB6E0D863}
	EndGlobalSection
EndGlobal
